// !$*UTF8*$!
{
	archiveVersion = 1;
	classes = {
	};
	objectVersion = 56;
	objects = {

/* Begin PBXBuildFile section */
		6D320DE62DD4F6E0000A0783 /* Country_ListApp.swift in Sources */ = {isa = PBXBuildFile; fileRef = 6D320DE52DD4F6E0000A0783 /* Country_ListApp.swift */; };
		6D320DE82DD4F6E0000A0783 /* ContentView.swift in Sources */ = {isa = PBXBuildFile; fileRef = 6D320DE72DD4F6E0000A0783 /* ContentView.swift */; };
		6D320DEA2DD4F6E0000A0783 /* Item.swift in Sources */ = {isa = PBXBuildFile; fileRef = 6D320DE92DD4F6E0000A0783 /* Item.swift */; };
		6D320DEC2DD4F6E2000A0783 /* Assets.xcassets in Resources */ = {isa = PBXBuildFile; fileRef = 6D320DEB2DD4F6E1000A0783 /* Assets.xcassets */; };
		6D320DEF2DD4F6E2000A0783 /* Preview Assets.xcassets in Resources */ = {isa = PBXBuildFile; fileRef = 6D320DEE2DD4F6E2000A0783 /* Preview Assets.xcassets */; };
		6D320DF92DD4F6E2000A0783 /* Country_ListTests.swift in Sources */ = {isa = PBXBuildFile; fileRef = 6D320DF82DD4F6E2000A0783 /* Country_ListTests.swift */; };
		6D320E032DD4F6E2000A0783 /* Country_ListUITests.swift in Sources */ = {isa = PBXBuildFile; fileRef = 6D320E022DD4F6E2000A0783 /* Country_ListUITests.swift */; };
		6D320E052DD4F6E2000A0783 /* Country_ListUITestsLaunchTests.swift in Sources */ = {isa = PBXBuildFile; fileRef = 6D320E042DD4F6E2000A0783 /* Country_ListUITestsLaunchTests.swift */; };
		6D320E142DD4F898000A0783 /* NetworkManger.swift in Sources */ = {isa = PBXBuildFile; fileRef = 6D320E132DD4F898000A0783 /* NetworkManger.swift */; };
		6D320E1A2DD7405F000A0783 /* CountryListView.swift in Sources */ = {isa = PBXBuildFile; fileRef = 6D320E192DD7405F000A0783 /* CountryListView.swift */; };
		6D320E1C2DD740BD000A0783 /* CountryDetailView.swift in Sources */ = {isa = PBXBuildFile; fileRef = 6D320E1B2DD740BD000A0783 /* CountryDetailView.swift */; };
		6D320E1E2DD7411E000A0783 /* CountryListViewModel.swift in Sources */ = {isa = PBXBuildFile; fileRef = 6D320E1D2DD7411E000A0783 /* CountryListViewModel.swift */; };
		6D320E202DD84BE8000A0783 /* LocationManager.swift in Sources */ = {isa = PBXBuildFile; fileRef = 6D320E1F2DD84BE8000A0783 /* LocationManager.swift */; };
		6D320E222DD85088000A0783 /* CountryListViewModelTests.swift in Sources */ = {isa = PBXBuildFile; fileRef = 6D320E212DD85088000A0783 /* CountryListViewModelTests.swift */; };
		6D320E702DD88069000A0783 /* CountrySearchListView.swift in Sources */ = {isa = PBXBuildFile; fileRef = 6D320E6F2DD88069000A0783 /* CountrySearchListView.swift */; };
/* End PBXBuildFile section */

/* Begin PBXContainerItemProxy section */
		6D320DF52DD4F6E2000A0783 /* PBXContainerItemProxy */ = {
			isa = PBXContainerItemProxy;
			containerPortal = 6D320DDA2DD4F6E0000A0783 /* Project object */;
			proxyType = 1;
			remoteGlobalIDString = 6D320DE12DD4F6E0000A0783;
			remoteInfo = "Country List";
		};
		6D320DFF2DD4F6E2000A0783 /* PBXContainerItemProxy */ = {
			isa = PBXContainerItemProxy;
			containerPortal = 6D320DDA2DD4F6E0000A0783 /* Project object */;
			proxyType = 1;
			remoteGlobalIDString = 6D320DE12DD4F6E0000A0783;
			remoteInfo = "Country List";
		};
/* End PBXContainerItemProxy section */

/* Begin PBXFileReference section */
		6D320DE22DD4F6E0000A0783 /* Country List.app */ = {isa = PBXFileReference; explicitFileType = wrapper.application; includeInIndex = 0; path = "Country List.app"; sourceTree = BUILT_PRODUCTS_DIR; };
		6D320DE52DD4F6E0000A0783 /* Country_ListApp.swift */ = {isa = PBXFileReference; lastKnownFileType = sourcecode.swift; path = Country_ListApp.swift; sourceTree = "<group>"; };
		6D320DE72DD4F6E0000A0783 /* ContentView.swift */ = {isa = PBXFileReference; lastKnownFileType = sourcecode.swift; path = ContentView.swift; sourceTree = "<group>"; };
		6D320DE92DD4F6E0000A0783 /* Item.swift */ = {isa = PBXFileReference; lastKnownFileType = sourcecode.swift; path = Item.swift; sourceTree = "<group>"; };
		6D320DEB2DD4F6E1000A0783 /* Assets.xcassets */ = {isa = PBXFileReference; lastKnownFileType = folder.assetcatalog; path = Assets.xcassets; sourceTree = "<group>"; };
		6D320DEE2DD4F6E2000A0783 /* Preview Assets.xcassets */ = {isa = PBXFileReference; lastKnownFileType = folder.assetcatalog; path = "Preview Assets.xcassets"; sourceTree = "<group>"; };
		6D320DF42DD4F6E2000A0783 /* Country ListTests.xctest */ = {isa = PBXFileReference; explicitFileType = wrapper.cfbundle; includeInIndex = 0; path = "Country ListTests.xctest"; sourceTree = BUILT_PRODUCTS_DIR; };
		6D320DF82DD4F6E2000A0783 /* Country_ListTests.swift */ = {isa = PBXFileReference; lastKnownFileType = sourcecode.swift; path = Country_ListTests.swift; sourceTree = "<group>"; };
		6D320DFE2DD4F6E2000A0783 /* Country ListUITests.xctest */ = {isa = PBXFileReference; explicitFileType = wrapper.cfbundle; includeInIndex = 0; path = "Country ListUITests.xctest"; sourceTree = BUILT_PRODUCTS_DIR; };
		6D320E022DD4F6E2000A0783 /* Country_ListUITests.swift */ = {isa = PBXFileReference; lastKnownFileType = sourcecode.swift; path = Country_ListUITests.swift; sourceTree = "<group>"; };
		6D320E042DD4F6E2000A0783 /* Country_ListUITestsLaunchTests.swift */ = {isa = PBXFileReference; lastKnownFileType = sourcecode.swift; path = Country_ListUITestsLaunchTests.swift; sourceTree = "<group>"; };
		6D320E132DD4F898000A0783 /* NetworkManger.swift */ = {isa = PBXFileReference; lastKnownFileType = sourcecode.swift; path = NetworkManger.swift; sourceTree = "<group>"; };
		6D320E192DD7405F000A0783 /* CountryListView.swift */ = {isa = PBXFileReference; lastKnownFileType = sourcecode.swift; path = CountryListView.swift; sourceTree = "<group>"; };
		6D320E1B2DD740BD000A0783 /* CountryDetailView.swift */ = {isa = PBXFileReference; lastKnownFileType = sourcecode.swift; path = CountryDetailView.swift; sourceTree = "<group>"; };
		6D320E1D2DD7411E000A0783 /* CountryListViewModel.swift */ = {isa = PBXFileReference; lastKnownFileType = sourcecode.swift; path = CountryListViewModel.swift; sourceTree = "<group>"; };
		6D320E1F2DD84BE8000A0783 /* LocationManager.swift */ = {isa = PBXFileReference; lastKnownFileType = sourcecode.swift; path = LocationManager.swift; sourceTree = "<group>"; };
		6D320E212DD85088000A0783 /* CountryListViewModelTests.swift */ = {isa = PBXFileReference; lastKnownFileType = sourcecode.swift; path = CountryListViewModelTests.swift; sourceTree = "<group>"; };
		6D320E6F2DD88069000A0783 /* CountrySearchListView.swift */ = {isa = PBXFileReference; lastKnownFileType = sourcecode.swift; path = CountrySearchListView.swift; sourceTree = "<group>"; };
/* End PBXFileReference section */

/* Begin PBXFrameworksBuildPhase section */
		6D320DDF2DD4F6E0000A0783 /* Frameworks */ = {
			isa = PBXFrameworksBuildPhase;
			buildActionMask = 2147483647;
			files = (
			);
			runOnlyForDeploymentPostprocessing = 0;
		};
		6D320DF12DD4F6E2000A0783 /* Frameworks */ = {
			isa = PBXFrameworksBuildPhase;
			buildActionMask = 2147483647;
			files = (
			);
			runOnlyForDeploymentPostprocessing = 0;
		};
		6D320DFB2DD4F6E2000A0783 /* Frameworks */ = {
			isa = PBXFrameworksBuildPhase;
			buildActionMask = 2147483647;
			files = (
			);
			runOnlyForDeploymentPostprocessing = 0;
		};
/* End PBXFrameworksBuildPhase section */

/* Begin PBXGroup section */
		6D320DD92DD4F6E0000A0783 = {
			isa = PBXGroup;
			children = (
				6D320DE42DD4F6E0000A0783 /* Country List */,
				6D320DF72DD4F6E2000A0783 /* Country ListTests */,
				6D320E012DD4F6E2000A0783 /* Country ListUITests */,
				6D320DE32DD4F6E0000A0783 /* Products */,
			);
			sourceTree = "<group>";
		};
		6D320DE32DD4F6E0000A0783 /* Products */ = {
			isa = PBXGroup;
			children = (
				6D320DE22DD4F6E0000A0783 /* Country List.app */,
				6D320DF42DD4F6E2000A0783 /* Country ListTests.xctest */,
				6D320DFE2DD4F6E2000A0783 /* Country ListUITests.xctest */,
			);
			name = Products;
			sourceTree = "<group>";
		};
		6D320DE42DD4F6E0000A0783 /* Country List */ = {
			isa = PBXGroup;
			children = (
				6D320E182DD74037000A0783 /* Views */,
				6D320E122DD4F874000A0783 /* NetworkManager */,
				6D320E112DD4F867000A0783 /* ViewModel */,
				6D320DE52DD4F6E0000A0783 /* Country_ListApp.swift */,
				6D320DE72DD4F6E0000A0783 /* ContentView.swift */,
				6D320DE92DD4F6E0000A0783 /* Item.swift */,
				6D320DEB2DD4F6E1000A0783 /* Assets.xcassets */,
				6D320DED2DD4F6E2000A0783 /* Preview Content */,
			);
			path = "Country List";
			sourceTree = "<group>";
		};
		6D320DED2DD4F6E2000A0783 /* Preview Content */ = {
			isa = PBXGroup;
			children = (
				6D320DEE2DD4F6E2000A0783 /* Preview Assets.xcassets */,
			);
			path = "Preview Content";
			sourceTree = "<group>";
		};
		6D320DF72DD4F6E2000A0783 /* Country ListTests */ = {
			isa = PBXGroup;
			children = (
				6D320DF82DD4F6E2000A0783 /* Country_ListTests.swift */,
				6D320E212DD85088000A0783 /* CountryListViewModelTests.swift */,
			);
			path = "Country ListTests";
			sourceTree = "<group>";
		};
		6D320E012DD4F6E2000A0783 /* Country ListUITests */ = {
			isa = PBXGroup;
			children = (
				6D320E022DD4F6E2000A0783 /* Country_ListUITests.swift */,
				6D320E042DD4F6E2000A0783 /* Country_ListUITestsLaunchTests.swift */,
			);
			path = "Country ListUITests";
			sourceTree = "<group>";
		};
		6D320E112DD4F867000A0783 /* ViewModel */ = {
			isa = PBXGroup;
			children = (
				6D320E1D2DD7411E000A0783 /* CountryListViewModel.swift */,
			);
			path = ViewModel;
			sourceTree = "<group>";
		};
		6D320E122DD4F874000A0783 /* NetworkManager */ = {
			isa = PBXGroup;
			children = (
				6D320E132DD4F898000A0783 /* NetworkManger.swift */,
				6D320E1F2DD84BE8000A0783 /* LocationManager.swift */,
			);
			path = NetworkManager;
			sourceTree = "<group>";
		};
		6D320E182DD74037000A0783 /* Views */ = {
			isa = PBXGroup;
			children = (
				6D320E192DD7405F000A0783 /* CountryListView.swift */,
				6D320E1B2DD740BD000A0783 /* CountryDetailView.swift */,
				6D320E6F2DD88069000A0783 /* CountrySearchListView.swift */,
			);
			path = Views;
			sourceTree = "<group>";
		};
/* End PBXGroup section */

/* Begin PBXNativeTarget section */
		6D320DE12DD4F6E0000A0783 /* Country List */ = {
			isa = PBXNativeTarget;
			buildConfigurationList = 6D320E082DD4F6E2000A0783 /* Build configuration list for PBXNativeTarget "Country List" */;
			buildPhases = (
				6D320DDE2DD4F6E0000A0783 /* Sources */,
				6D320DDF2DD4F6E0000A0783 /* Frameworks */,
				6D320DE02DD4F6E0000A0783 /* Resources */,
			);
			buildRules = (
			);
			dependencies = (
			);
			name = "Country List";
			productName = "Country List";
			productReference = 6D320DE22DD4F6E0000A0783 /* Country List.app */;
			productType = "com.apple.product-type.application";
		};
		6D320DF32DD4F6E2000A0783 /* Country ListTests */ = {
			isa = PBXNativeTarget;
			buildConfigurationList = 6D320E0B2DD4F6E2000A0783 /* Build configuration list for PBXNativeTarget "Country ListTests" */;
			buildPhases = (
				6D320DF02DD4F6E2000A0783 /* Sources */,
				6D320DF12DD4F6E2000A0783 /* Frameworks */,
				6D320DF22DD4F6E2000A0783 /* Resources */,
			);
			buildRules = (
			);
			dependencies = (
				6D320DF62DD4F6E2000A0783 /* PBXTargetDependency */,
			);
			name = "Country ListTests";
			productName = "Country ListTests";
			productReference = 6D320DF42DD4F6E2000A0783 /* Country ListTests.xctest */;
			productType = "com.apple.product-type.bundle.unit-test";
		};
		6D320DFD2DD4F6E2000A0783 /* Country ListUITests */ = {
			isa = PBXNativeTarget;
			buildConfigurationList = 6D320E0E2DD4F6E2000A0783 /* Build configuration list for PBXNativeTarget "Country ListUITests" */;
			buildPhases = (
				6D320DFA2DD4F6E2000A0783 /* Sources */,
				6D320DFB2DD4F6E2000A0783 /* Frameworks */,
				6D320DFC2DD4F6E2000A0783 /* Resources */,
			);
			buildRules = (
			);
			dependencies = (
				6D320E002DD4F6E2000A0783 /* PBXTargetDependency */,
			);
			name = "Country ListUITests";
			productName = "Country ListUITests";
			productReference = 6D320DFE2DD4F6E2000A0783 /* Country ListUITests.xctest */;
			productType = "com.apple.product-type.bundle.ui-testing";
		};
/* End PBXNativeTarget section */

/* Begin PBXProject section */
		6D320DDA2DD4F6E0000A0783 /* Project object */ = {
			isa = PBXProject;
			attributes = {
				BuildIndependentTargetsInParallel = 1;
				LastSwiftUpdateCheck = 1540;
				LastUpgradeCheck = 1540;
				TargetAttributes = {
					6D320DE12DD4F6E0000A0783 = {
						CreatedOnToolsVersion = 15.4;
					};
					6D320DF32DD4F6E2000A0783 = {
						CreatedOnToolsVersion = 15.4;
						TestTargetID = 6D320DE12DD4F6E0000A0783;
					};
					6D320DFD2DD4F6E2000A0783 = {
						CreatedOnToolsVersion = 15.4;
						TestTargetID = 6D320DE12DD4F6E0000A0783;
					};
				};
			};
			buildConfigurationList = 6D320DDD2DD4F6E0000A0783 /* Build configuration list for PBXProject "Country List" */;
			compatibilityVersion = "Xcode 14.0";
			developmentRegion = en;
			hasScannedForEncodings = 0;
			knownRegions = (
				en,
				Base,
			);
			mainGroup = 6D320DD92DD4F6E0000A0783;
			productRefGroup = 6D320DE32DD4F6E0000A0783 /* Products */;
			projectDirPath = "";
			projectRoot = "";
			targets = (
				6D320DE12DD4F6E0000A0783 /* Country List */,
				6D320DF32DD4F6E2000A0783 /* Country ListTests */,
				6D320DFD2DD4F6E2000A0783 /* Country ListUITests */,
			);
		};
/* End PBXProject section */

/* Begin PBXResourcesBuildPhase section */
		6D320DE02DD4F6E0000A0783 /* Resources */ = {
			isa = PBXResourcesBuildPhase;
			buildActionMask = 2147483647;
			files = (
				6D320DEF2DD4F6E2000A0783 /* Preview Assets.xcassets in Resources */,
				6D320DEC2DD4F6E2000A0783 /* Assets.xcassets in Resources */,
			);
			runOnlyForDeploymentPostprocessing = 0;
		};
		6D320DF22DD4F6E2000A0783 /* Resources */ = {
			isa = PBXResourcesBuildPhase;
			buildActionMask = 2147483647;
			files = (
			);
			runOnlyForDeploymentPostprocessing = 0;
		};
		6D320DFC2DD4F6E2000A0783 /* Resources */ = {
			isa = PBXResourcesBuildPhase;
			buildActionMask = 2147483647;
			files = (
			);
			runOnlyForDeploymentPostprocessing = 0;
		};
/* End PBXResourcesBuildPhase section */

/* Begin PBXSourcesBuildPhase section */
		6D320DDE2DD4F6E0000A0783 /* Sources */ = {
			isa = PBXSourcesBuildPhase;
			buildActionMask = 2147483647;
			files = (
				6D320E1C2DD740BD000A0783 /* CountryDetailView.swift in Sources */,
				6D320E1E2DD7411E000A0783 /* CountryListViewModel.swift in Sources */,
				6D320DE82DD4F6E0000A0783 /* ContentView.swift in Sources */,
				6D320DEA2DD4F6E0000A0783 /* Item.swift in Sources */,
				6D320E142DD4F898000A0783 /* NetworkManger.swift in Sources */,
				6D320E702DD88069000A0783 /* CountrySearchListView.swift in Sources */,
				6D320DE62DD4F6E0000A0783 /* Country_ListApp.swift in Sources */,
				6D320E1A2DD7405F000A0783 /* CountryListView.swift in Sources */,
				6D320E202DD84BE8000A0783 /* LocationManager.swift in Sources */,
			);
			runOnlyForDeploymentPostprocessing = 0;
		};
		6D320DF02DD4F6E2000A0783 /* Sources */ = {
			isa = PBXSourcesBuildPhase;
			buildActionMask = 2147483647;
			files = (
				6D320DF92DD4F6E2000A0783 /* Country_ListTests.swift in Sources */,
				6D320E222DD85088000A0783 /* CountryListViewModelTests.swift in Sources */,
			);
			runOnlyForDeploymentPostprocessing = 0;
		};
		6D320DFA2DD4F6E2000A0783 /* Sources */ = {
			isa = PBXSourcesBuildPhase;
			buildActionMask = 2147483647;
			files = (
				6D320E032DD4F6E2000A0783 /* Country_ListUITests.swift in Sources */,
				6D320E052DD4F6E2000A0783 /* Country_ListUITestsLaunchTests.swift in Sources */,
			);
			runOnlyForDeploymentPostprocessing = 0;
		};
/* End PBXSourcesBuildPhase section */

/* Begin PBXTargetDependency section */
		6D320DF62DD4F6E2000A0783 /* PBXTargetDependency */ = {
			isa = PBXTargetDependency;
			target = 6D320DE12DD4F6E0000A0783 /* Country List */;
			targetProxy = 6D320DF52DD4F6E2000A0783 /* PBXContainerItemProxy */;
		};
		6D320E002DD4F6E2000A0783 /* PBXTargetDependency */ = {
			isa = PBXTargetDependency;
			target = 6D320DE12DD4F6E0000A0783 /* Country List */;
			targetProxy = 6D320DFF2DD4F6E2000A0783 /* PBXContainerItemProxy */;
		};
/* End PBXTargetDependency section */

/* Begin XCBuildConfiguration section */
		6D320E062DD4F6E2000A0783 /* Debug */ = {
			isa = XCBuildConfiguration;
			buildSettings = {
				ALWAYS_SEARCH_USER_PATHS = NO;
				ASSETCATALOG_COMPILER_GENERATE_SWIFT_ASSET_SYMBOL_EXTENSIONS = YES;
				CLANG_ANALYZER_NONNULL = YES;
				CLANG_ANALYZER_NUMBER_OBJECT_CONVERSION = YES_AGGRESSIVE;
				CLANG_CXX_LANGUAGE_STANDARD = "gnu++20";
				CLANG_ENABLE_MODULES = YES;
				CLANG_ENABLE_OBJC_ARC = YES;
				CLANG_ENABLE_OBJC_WEAK = YES;
				CLANG_WARN_BLOCK_CAPTURE_AUTORELEASING = YES;
				CLANG_WARN_BOOL_CONVERSION = YES;
				CLANG_WARN_COMMA = YES;
				CLANG_WARN_CONSTANT_CONVERSION = YES;
				CLANG_WARN_DEPRECATED_OBJC_IMPLEMENTATIONS = YES;
				CLANG_WARN_DIRECT_OBJC_ISA_USAGE = YES_ERROR;
				CLANG_WARN_DOCUMENTATION_COMMENTS = YES;
				CLANG_WARN_EMPTY_BODY = YES;
				CLANG_WARN_ENUM_CONVERSION = YES;
				CLANG_WARN_INFINITE_RECURSION = YES;
				CLANG_WARN_INT_CONVERSION = YES;
				CLANG_WARN_NON_LITERAL_NULL_CONVERSION = YES;
				CLANG_WARN_OBJC_IMPLICIT_RETAIN_SELF = YES;
				CLANG_WARN_OBJC_LITERAL_CONVERSION = YES;
				CLANG_WARN_OBJC_ROOT_CLASS = YES_ERROR;
				CLANG_WARN_QUOTED_INCLUDE_IN_FRAMEWORK_HEADER = YES;
				CLANG_WARN_RANGE_LOOP_ANALYSIS = YES;
				CLANG_WARN_STRICT_PROTOTYPES = YES;
				CLANG_WARN_SUSPICIOUS_MOVE = YES;
				CLANG_WARN_UNGUARDED_AVAILABILITY = YES_AGGRESSIVE;
				CLANG_WARN_UNREACHABLE_CODE = YES;
				CLANG_WARN__DUPLICATE_METHOD_MATCH = YES;
				COPY_PHASE_STRIP = NO;
				DEBUG_INFORMATION_FORMAT = dwarf;
				ENABLE_STRICT_OBJC_MSGSEND = YES;
				ENABLE_TESTABILITY = YES;
				ENABLE_USER_SCRIPT_SANDBOXING = YES;
				GCC_C_LANGUAGE_STANDARD = gnu17;
				GCC_DYNAMIC_NO_PIC = NO;
				GCC_NO_COMMON_BLOCKS = YES;
				GCC_OPTIMIZATION_LEVEL = 0;
				GCC_PREPROCESSOR_DEFINITIONS = (
					"DEBUG=1",
					"$(inherited)",
				);
				GCC_WARN_64_TO_32_BIT_CONVERSION = YES;
				GCC_WARN_ABOUT_RETURN_TYPE = YES_ERROR;
				GCC_WARN_UNDECLARED_SELECTOR = YES;
				GCC_WARN_UNINITIALIZED_AUTOS = YES_AGGRESSIVE;
				GCC_WARN_UNUSED_FUNCTION = YES;
				GCC_WARN_UNUSED_VARIABLE = YES;
				INFOPLIST_KEY_NSFileProviderDomainUsageDescription = "";
				INFOPLIST_KEY_NSLocationWhenInUseUsageDescription = "We need your location to detect your country";
				IPHONEOS_DEPLOYMENT_TARGET = 17.5;
				LOCALIZATION_PREFERS_STRING_CATALOGS = YES;
				MTL_ENABLE_DEBUG_INFO = INCLUDE_SOURCE;
				MTL_FAST_MATH = YES;
				ONLY_ACTIVE_ARCH = YES;
				SDKROOT = iphoneos;
				SWIFT_ACTIVE_COMPILATION_CONDITIONS = "DEBUG $(inherited)";
				SWIFT_OPTIMIZATION_LEVEL = "-Onone";
			};
			name = Debug;
		};
		6D320E072DD4F6E2000A0783 /* Release */ = {
			isa = XCBuildConfiguration;
			buildSettings = {
				ALWAYS_SEARCH_USER_PATHS = NO;
				ASSETCATALOG_COMPILER_GENERATE_SWIFT_ASSET_SYMBOL_EXTENSIONS = YES;
				CLANG_ANALYZER_NONNULL = YES;
				CLANG_ANALYZER_NUMBER_OBJECT_CONVERSION = YES_AGGRESSIVE;
				CLANG_CXX_LANGUAGE_STANDARD = "gnu++20";
				CLANG_ENABLE_MODULES = YES;
				CLANG_ENABLE_OBJC_ARC = YES;
				CLANG_ENABLE_OBJC_WEAK = YES;
				CLANG_WARN_BLOCK_CAPTURE_AUTORELEASING = YES;
				CLANG_WARN_BOOL_CONVERSION = YES;
				CLANG_WARN_COMMA = YES;
				CLANG_WARN_CONSTANT_CONVERSION = YES;
				CLANG_WARN_DEPRECATED_OBJC_IMPLEMENTATIONS = YES;
				CLANG_WARN_DIRECT_OBJC_ISA_USAGE = YES_ERROR;
				CLANG_WARN_DOCUMENTATION_COMMENTS = YES;
				CLANG_WARN_EMPTY_BODY = YES;
				CLANG_WARN_ENUM_CONVERSION = YES;
				CLANG_WARN_INFINITE_RECURSION = YES;
				CLANG_WARN_INT_CONVERSION = YES;
				CLANG_WARN_NON_LITERAL_NULL_CONVERSION = YES;
				CLANG_WARN_OBJC_IMPLICIT_RETAIN_SELF = YES;
				CLANG_WARN_OBJC_LITERAL_CONVERSION = YES;
				CLANG_WARN_OBJC_ROOT_CLASS = YES_ERROR;
				CLANG_WARN_QUOTED_INCLUDE_IN_FRAMEWORK_HEADER = YES;
				CLANG_WARN_RANGE_LOOP_ANALYSIS = YES;
				CLANG_WARN_STRICT_PROTOTYPES = YES;
				CLANG_WARN_SUSPICIOUS_MOVE = YES;
				CLANG_WARN_UNGUARDED_AVAILABILITY = YES_AGGRESSIVE;
				CLANG_WARN_UNREACHABLE_CODE = YES;
				CLANG_WARN__DUPLICATE_METHOD_MATCH = YES;
				COPY_PHASE_STRIP = NO;
				DEBUG_INFORMATION_FORMAT = "dwarf-with-dsym";
				ENABLE_NS_ASSERTIONS = NO;
				ENABLE_STRICT_OBJC_MSGSEND = YES;
				ENABLE_USER_SCRIPT_SANDBOXING = YES;
				GCC_C_LANGUAGE_STANDARD = gnu17;
				GCC_NO_COMMON_BLOCKS = YES;
				GCC_WARN_64_TO_32_BIT_CONVERSION = YES;
				GCC_WARN_ABOUT_RETURN_TYPE = YES_ERROR;
				GCC_WARN_UNDECLARED_SELECTOR = YES;
				GCC_WARN_UNINITIALIZED_AUTOS = YES_AGGRESSIVE;
				GCC_WARN_UNUSED_FUNCTION = YES;
				GCC_WARN_UNUSED_VARIABLE = YES;
				INFOPLIST_KEY_NSFileProviderDomainUsageDescription = "";
				INFOPLIST_KEY_NSLocationWhenInUseUsageDescription = "We need your location to detect your country";
				IPHONEOS_DEPLOYMENT_TARGET = 17.5;
				LOCALIZATION_PREFERS_STRING_CATALOGS = YES;
				MTL_ENABLE_DEBUG_INFO = NO;
				MTL_FAST_MATH = YES;
				SDKROOT = iphoneos;
				SWIFT_COMPILATION_MODE = wholemodule;
				VALIDATE_PRODUCT = YES;
			};
			name = Release;
		};
		6D320E092DD4F6E2000A0783 /* Debug */ = {
			isa = XCBuildConfiguration;
			buildSettings = {
				ASSETCATALOG_COMPILER_APPICON_NAME = AppIcon;
				ASSETCATALOG_COMPILER_GLOBAL_ACCENT_COLOR_NAME = AccentColor;
				CODE_SIGN_STYLE = Automatic;
				CURRENT_PROJECT_VERSION = 1;
				DEVELOPMENT_ASSET_PATHS = "\"Country List/Preview Content\"";
				ENABLE_PREVIEWS = YES;
				GENERATE_INFOPLIST_FILE = YES;
				INFOPLIST_KEY_UIApplicationSceneManifest_Generation = YES;
				INFOPLIST_KEY_UIApplicationSupportsIndirectInputEvents = YES;
				INFOPLIST_KEY_UILaunchScreen_Generation = YES;
				INFOPLIST_KEY_UISupportedInterfaceOrientations_iPad = "UIInterfaceOrientationPortrait UIInterfaceOrientationPortraitUpsideDown UIInterfaceOrientationLandscapeLeft UIInterfaceOrientationLandscapeRight";
				INFOPLIST_KEY_UISupportedInterfaceOrientations_iPhone = "UIInterfaceOrientationPortrait UIInterfaceOrientationLandscapeLeft UIInterfaceOrientationLandscapeRight";
				LD_RUNPATH_SEARCH_PATHS = (
					"$(inherited)",
					"@executable_path/Frameworks",
				);
				MARKETING_VERSION = 1.0;
				PRODUCT_BUNDLE_IDENTIFIER = "ttn.com.Country-List";
				PRODUCT_NAME = "$(TARGET_NAME)";
				SWIFT_EMIT_LOC_STRINGS = YES;
				SWIFT_VERSION = 5.0;
				TARGETED_DEVICE_FAMILY = "1,2";
			};
			name = Debug;
		};
		6D320E0A2DD4F6E2000A0783 /* Release */ = {
			isa = XCBuildConfiguration;
			buildSettings = {
				ASSETCATALOG_COMPILER_APPICON_NAME = AppIcon;
				ASSETCATALOG_COMPILER_GLOBAL_ACCENT_COLOR_NAME = AccentColor;
				CODE_SIGN_STYLE = Automatic;
				CURRENT_PROJECT_VERSION = 1;
				DEVELOPMENT_ASSET_PATHS = "\"Country List/Preview Content\"";
				ENABLE_PREVIEWS = YES;
				GENERATE_INFOPLIST_FILE = YES;
				INFOPLIST_KEY_UIApplicationSceneManifest_Generation = YES;
				INFOPLIST_KEY_UIApplicationSupportsIndirectInputEvents = YES;
				INFOPLIST_KEY_UILaunchScreen_Generation = YES;
				INFOPLIST_KEY_UISupportedInterfaceOrientations_iPad = "UIInterfaceOrientationPortrait UIInterfaceOrientationPortraitUpsideDown UIInterfaceOrientationLandscapeLeft UIInterfaceOrientationLandscapeRight";
				INFOPLIST_KEY_UISupportedInterfaceOrientations_iPhone = "UIInterfaceOrientationPortrait UIInterfaceOrientationLandscapeLeft UIInterfaceOrientationLandscapeRight";
				LD_RUNPATH_SEARCH_PATHS = (
					"$(inherited)",
					"@executable_path/Frameworks",
				);
				MARKETING_VERSION = 1.0;
				PRODUCT_BUNDLE_IDENTIFIER = "ttn.com.Country-List";
				PRODUCT_NAME = "$(TARGET_NAME)";
				SWIFT_EMIT_LOC_STRINGS = YES;
				SWIFT_VERSION = 5.0;
				TARGETED_DEVICE_FAMILY = "1,2";
			};
			name = Release;
		};
		6D320E0C2DD4F6E2000A0783 /* Debug */ = {
			isa = XCBuildConfiguration;
			buildSettings = {
				ALWAYS_EMBED_SWIFT_STANDARD_LIBRARIES = YES;
				BUNDLE_LOADER = "$(TEST_HOST)";
				CODE_SIGN_STYLE = Automatic;
				CURRENT_PROJECT_VERSION = 1;
				GENERATE_INFOPLIST_FILE = YES;
				IPHONEOS_DEPLOYMENT_TARGET = 17.5;
				MARKETING_VERSION = 1.0;
				PRODUCT_BUNDLE_IDENTIFIER = "ttn.com.Country-ListTests";
				PRODUCT_NAME = "$(TARGET_NAME)";
				SWIFT_EMIT_LOC_STRINGS = NO;
				SWIFT_VERSION = 5.0;
				TARGETED_DEVICE_FAMILY = "1,2";
				TEST_HOST = "$(BUILT_PRODUCTS_DIR)/Country List.app/$(BUNDLE_EXECUTABLE_FOLDER_PATH)/Country List";
			};
			name = Debug;
		};
		6D320E0D2DD4F6E2000A0783 /* Release */ = {
			isa = XCBuildConfiguration;
			buildSettings = {
				ALWAYS_EMBED_SWIFT_STANDARD_LIBRARIES = YES;
				BUNDLE_LOADER = "$(TEST_HOST)";
				CODE_SIGN_STYLE = Automatic;
				CURRENT_PROJECT_VERSION = 1;
				GENERATE_INFOPLIST_FILE = YES;
				IPHONEOS_DEPLOYMENT_TARGET = 17.5;
				MARKETING_VERSION = 1.0;
				PRODUCT_BUNDLE_IDENTIFIER = "ttn.com.Country-ListTests";
				PRODUCT_NAME = "$(TARGET_NAME)";
				SWIFT_EMIT_LOC_STRINGS = NO;
				SWIFT_VERSION = 5.0;
				TARGETED_DEVICE_FAMILY = "1,2";
				TEST_HOST = "$(BUILT_PRODUCTS_DIR)/Country List.app/$(BUNDLE_EXECUTABLE_FOLDER_PATH)/Country List";
			};
			name = Release;
		};
		6D320E0F2DD4F6E2000A0783 /* Debug */ = {
			isa = XCBuildConfiguration;
			buildSettings = {
				ALWAYS_EMBED_SWIFT_STANDARD_LIBRARIES = YES;
				CODE_SIGN_STYLE = Automatic;
				CURRENT_PROJECT_VERSION = 1;
				GENERATE_INFOPLIST_FILE = YES;
				MARKETING_VERSION = 1.0;
				PRODUCT_BUNDLE_IDENTIFIER = "ttn.com.Country-ListUITests";
				PRODUCT_NAME = "$(TARGET_NAME)";
				SWIFT_EMIT_LOC_STRINGS = NO;
				SWIFT_VERSION = 5.0;
				TARGETED_DEVICE_FAMILY = "1,2";
				TEST_TARGET_NAME = "Country List";
			};
			name = Debug;
		};
		6D320E102DD4F6E2000A0783 /* Release */ = {
			isa = XCBuildConfiguration;
			buildSettings = {
				ALWAYS_EMBED_SWIFT_STANDARD_LIBRARIES = YES;
				CODE_SIGN_STYLE = Automatic;
				CURRENT_PROJECT_VERSION = 1;
				GENERATE_INFOPLIST_FILE = YES;
				MARKETING_VERSION = 1.0;
				PRODUCT_BUNDLE_IDENTIFIER = "ttn.com.Country-ListUITests";
				PRODUCT_NAME = "$(TARGET_NAME)";
				SWIFT_EMIT_LOC_STRINGS = NO;
				SWIFT_VERSION = 5.0;
				TARGETED_DEVICE_FAMILY = "1,2";
				TEST_TARGET_NAME = "Country List";
			};
			name = Release;
		};
/* End XCBuildConfiguration section */

/* Begin XCConfigurationList section */
		6D320DDD2DD4F6E0000A0783 /* Build configuration list for PBXProject "Country List" */ = {
			isa = XCConfigurationList;
			buildConfigurations = (
				6D320E062DD4F6E2000A0783 /* Debug */,
				6D320E072DD4F6E2000A0783 /* Release */,
			);
			defaultConfigurationIsVisible = 0;
			defaultConfigurationName = Release;
		};
		6D320E082DD4F6E2000A0783 /* Build configuration list for PBXNativeTarget "Country List" */ = {
			isa = XCConfigurationList;
			buildConfigurations = (
				6D320E092DD4F6E2000A0783 /* Debug */,
				6D320E0A2DD4F6E2000A0783 /* Release */,
			);
			defaultConfigurationIsVisible = 0;
			defaultConfigurationName = Release;
		};
		6D320E0B2DD4F6E2000A0783 /* Build configuration list for PBXNativeTarget "Country ListTests" */ = {
			isa = XCConfigurationList;
			buildConfigurations = (
				6D320E0C2DD4F6E2000A0783 /* Debug */,
				6D320E0D2DD4F6E2000A0783 /* Release */,
			);
			defaultConfigurationIsVisible = 0;
			defaultConfigurationName = Release;
		};
		6D320E0E2DD4F6E2000A0783 /* Build configuration list for PBXNativeTarget "Country ListUITests" */ = {
			isa = XCConfigurationList;
			buildConfigurations = (
				6D320E0F2DD4F6E2000A0783 /* Debug */,
				6D320E102DD4F6E2000A0783 /* Release */,
			);
			defaultConfigurationIsVisible = 0;
			defaultConfigurationName = Release;
		};
/* End XCConfigurationList section */
	};
	rootObject = 6D320DDA2DD4F6E0000A0783 /* Project object */;
}
